{
	"archiveVersion": "1",
	"classes": {},
	"objectVersion": "54",
	"objects": {
		"191CD6FA2847E21E0085CBB6": {
			"fileEncoding": "4",
			"isa": "PBXFileReference",
			"lastKnownFileType": "text.plist.entitlements",
			"path": "of.entitlements",
			"sourceTree": "<group>"
		},
		"191EF70929D778A400F35F26": {
			"isa": "PBXFileReference",
			"lastKnownFileType": "folder",
			"name": "openFrameworks",
			"path": "../../../libs/openFrameworks",
			"sourceTree": "SOURCE_ROOT"
		},
		"19B789C429E5AB4A0082E9B8": {
			"buildActionMask": "2147483647",
			"files": [],
			"inputFileListPaths": [],
			"inputPaths": [],
			"isa": "PBXShellScriptBuildPhase",
			"outputFileListPaths": [],
			"outputPaths": [],
			"runOnlyForDeploymentPostprocessing": "0",
			"shellPath": "/bin/sh",
			"shellScript": "\"$OF_PATH/scripts/osx/xcode_project.sh\"\n",
			"showEnvVarsInLog": "0"
		},
		"BB4B014C10F69532006C3DED": {
			"children": [
				"{DA0A5C53-390B-4DB0-8B4D-39877E7C86D7}",
				"{6EA3213D-7587-4C37-BECF-A72AD9887108}",
				"{C200A3F4-1FC8-4547-B619-559DD3E3CFD0}"
			],
			"isa": "PBXGroup",
			"name": "addons",
			"path": "../../../addons",
			"sourceTree": "<group>"
		},
		"E42962A92163ECCD00A6A9E2": {
			"alwaysOutOfDate": "1",
			"buildActionMask": "2147483647",
			"files": [],
			"inputPaths": [],
			"isa": "PBXShellScriptBuildPhase",
			"name": "Run Script — Compile OF",
			"outputPaths": [],
			"runOnlyForDeploymentPostprocessing": "0",
			"shellPath": "/bin/sh",
			"shellScript": "echo \"💾 Compiling Openframeworks\"\nxcodebuild -project \"$OF_PATH/libs/openFrameworksCompiled/project/osx/openFrameworksLib.xcodeproj\" -target openFrameworks -configuration \"${CONFIGURATION}\"  CLANG_CXX_LANGUAGE_STANDARD=$CLANG_CXX_LANGUAGE_STANDARD MACOSX_DEPLOYMENT_TARGET=$MACOSX_DEPLOYMENT_TARGET GCC_PREPROCESSOR_DEFINITIONS=$USER_PREPROCESSOR_DEFINITIONS\n",
			"showEnvVarsInLog": "0"
		},
		"E4A5B60F29BAAAE400C2D356": {
			"buildActionMask": "2147483647",
			"dstPath": "",
			"dstSubfolderSpec": "6",
			"files": [],
			"isa": "PBXCopyFilesBuildPhase",
			"runOnlyForDeploymentPostprocessing": "0"
		},
		"E4B69B4A0A3A1720003C02F2": {
			"children": [
				"191CD6FA2847E21E0085CBB6",
				"E4B6FCAD0C3E899E008CF71C",
				"E4EB6923138AFD0F00A09F29",
				"E4B69E1C0A3A1BDC003C02F2",
				"191EF70929D778A400F35F26",
				"BB4B014C10F69532006C3DED",
				"E4B69B5B0A3A1756003C02F2"
			],
			"isa": "PBXGroup",
			"sourceTree": "<group>"
		},
		"E4B69B4C0A3A1720003C02F2": {
			"attributes": {
				"LastUpgradeCheck": "0600"
			},
			"buildConfigurationList": "E4B69B4D0A3A1720003C02F2",
			"compatibilityVersion": "Xcode 3.2",
			"developmentRegion": "en",
			"hasScannedForEncodings": "0",
			"isa": "PBXProject",
			"knownRegions": [
				"en",
				"Base"
			],
			"mainGroup": "E4B69B4A0A3A1720003C02F2",
			"productRefGroup": "E4B69B4A0A3A1720003C02F2",
			"projectDirPath": "",
			"projectRoot": "",
			"targets": [
				"E4B69B5A0A3A1756003C02F2"
			]
		},
		"E4B69B4D0A3A1720003C02F2": {
			"buildConfigurations": [
				"E4B69B4E0A3A1720003C02F2",
				"E4B69B4F0A3A1720003C02F2"
			],
			"defaultConfigurationIsVisible": "0",
			"defaultConfigurationName": "Release",
			"isa": "XCConfigurationList"
		},
		"E4B69B4E0A3A1720003C02F2": {
			"baseConfigurationReference": "E4EB6923138AFD0F00A09F29",
			"buildSettings": {
				"CODE_SIGN_ENTITLEMENTS": "of.entitlements",
				"COPY_PHASE_STRIP": "NO",
				"ENABLE_TESTABILITY": "YES",
				"GCC_OPTIMIZATION_LEVEL": "0",
				"GCC_WARN_UNUSED_VARIABLE": "NO",
				"HEADER_SEARCH_PATHS": [
					"$(OF_CORE_HEADERS)",
					"src",
					"src",
					"../../../addons/ofxBezierEditor/src",
					"../../../addons/ofxBranchesPrimitive/src",
					"../../../addons/ofxGui/src"
				],
				"OTHER_CPLUSPLUSFLAGS": "-D__MACOSX_CORE__"
			},
			"isa": "XCBuildConfiguration",
			"name": "Debug"
		},
		"E4B69B4F0A3A1720003C02F2": {
			"baseConfigurationReference": "E4EB6923138AFD0F00A09F29",
			"buildSettings": {
				"CODE_SIGN_ENTITLEMENTS": "of.entitlements",
				"COPY_PHASE_STRIP": "YES",
				"GCC_OPTIMIZATION_LEVEL": "3",
				"GCC_UNROLL_LOOPS": "YES",
				"HEADER_SEARCH_PATHS": [
					"$(OF_CORE_HEADERS)",
					"src",
					"src",
					"../../../addons/ofxBezierEditor/src",
					"../../../addons/ofxBranchesPrimitive/src",
					"../../../addons/ofxGui/src"
				],
				"OTHER_CPLUSPLUSFLAGS": "-D__MACOSX_CORE__"
			},
			"isa": "XCBuildConfiguration",
			"name": "Release"
		},
		"E4B69B580A3A1756003C02F2": {
			"buildActionMask": "2147483647",
			"files": [
				"E4B69E200A3A1BDC003C02F2",
				"E4B69E210A3A1BDC003C02F2",
				"{E16BA697-A305-4003-9232-01F6BE593406}",
				"{DAA2B6C3-F83C-414D-92C7-DBC460129B75}",
				"{C43BDBEF-1855-414B-A23F-17265435DA10}",
				"{31BE1199-6DF0-4AD7-94AA-935330661DC0}",
				"{DD130811-3AD3-462C-B981-94DA5823463F}",
				"{C75E3909-0ED0-43C6-9527-0AED1E2550CC}",
				"{2119B615-1A61-40E8-9C3D-115B70B8D1E5}",
				"{0701EC85-B8D1-4CEE-A398-38D88828AB32}",
				"{2DF1EFF3-1D44-44A3-A860-620185F2737B}",
				"{456943BA-D70B-49E7-801C-F852F671A3D6}",
				"{18A044BD-1661-417D-B05B-26407A93A921}",
				"{4695377E-5D2E-49DB-B6C2-F49B78F4ABF4}",
				"{4777AB5D-7731-49CE-88F2-2873EAA20486}"
			],
			"isa": "PBXSourcesBuildPhase",
			"runOnlyForDeploymentPostprocessing": "0"
		},
		"E4B69B590A3A1756003C02F2": {
			"buildActionMask": "2147483647",
			"files": [],
			"isa": "PBXFrameworksBuildPhase",
			"runOnlyForDeploymentPostprocessing": "0"
		},
		"E4B69B5A0A3A1756003C02F2": {
			"buildConfigurationList": "E4B69B5F0A3A1757003C02F2",
			"buildPhases": [
				"E42962A92163ECCD00A6A9E2",
				"E4B69B580A3A1756003C02F2",
				"E4B69B590A3A1756003C02F2",
				"E4C2427710CC5ABF004149E2",
				"E4A5B60F29BAAAE400C2D356",
				"19B789C429E5AB4A0082E9B8"
			],
			"buildRules": [],
			"dependencies": [],
			"isa": "PBXNativeTarget",
			"name": "example-ui",
			"productName": "myOFApp",
			"productReference": "E4B69B5B0A3A1756003C02F2",
			"productType": "com.apple.product-type.application"
		},
		"E4B69B5B0A3A1756003C02F2": {
			"explicitFileType": "wrapper.application",
			"includeInIndex": "0",
			"isa": "PBXFileReference",
			"path": "example-uiDebug.app",
			"sourceTree": "BUILT_PRODUCTS_DIR"
		},
		"E4B69B5F0A3A1757003C02F2": {
			"buildConfigurations": [
				"E4B69B600A3A1757003C02F2",
				"E4B69B610A3A1757003C02F2"
			],
			"defaultConfigurationIsVisible": "0",
			"defaultConfigurationName": "Release",
			"isa": "XCConfigurationList"
		},
		"E4B69B600A3A1757003C02F2": {
			"baseConfigurationReference": "E4EB6923138AFD0F00A09F29",
			"buildSettings": {
				"ARCHS": "$(ARCHS_STANDARD)",
				"COPY_PHASE_STRIP": "NO",
				"FRAMEWORK_SEARCH_PATHS": "$(inherited)",
				"GCC_DYNAMIC_NO_PIC": "NO",
				"HEADER_SEARCH_PATHS": [
					"$(OF_CORE_HEADERS)",
					"src",
					"src",
					"../../../addons/ofxBezierEditor/src",
					"../../../addons/ofxBranchesPrimitive/src",
					"../../../addons/ofxGui/src"
				],
				"LIBRARY_SEARCH_PATHS": "$(inherited)",
				"OTHER_LDFLAGS": [
					"$(OF_CORE_LIBS)",
					"$(OF_CORE_FRAMEWORKS)",
					"$(LIB_OF_DEBUG)"
				]
			},
			"isa": "XCBuildConfiguration",
			"name": "Debug"
		},
		"E4B69B610A3A1757003C02F2": {
			"baseConfigurationReference": "E4EB6923138AFD0F00A09F29",
			"buildSettings": {
				"ARCHS": "$(ARCHS_STANDARD)",
				"COPY_PHASE_STRIP": "YES",
				"FRAMEWORK_SEARCH_PATHS": "$(inherited)",
				"HEADER_SEARCH_PATHS": [
					"$(OF_CORE_HEADERS)",
					"src",
					"src",
					"../../../addons/ofxBezierEditor/src",
					"../../../addons/ofxBranchesPrimitive/src",
					"../../../addons/ofxGui/src"
				],
				"LIBRARY_SEARCH_PATHS": "$(inherited)",
				"OTHER_LDFLAGS": [
					"$(OF_CORE_LIBS)",
					"$(OF_CORE_FRAMEWORKS)",
					"$(LIB_OF)"
				],
				"baseConfigurationReference": "E4EB6923138AFD0F00A09F29"
			},
			"isa": "XCBuildConfiguration",
			"name": "Release"
		},
		"E4B69E1C0A3A1BDC003C02F2": {
			"children": [
				"E4B69E1D0A3A1BDC003C02F2",
				"E4B69E1E0A3A1BDC003C02F2",
				"E4B69E1F0A3A1BDC003C02F2"
			],
			"isa": "PBXGroup",
			"path": "src",
			"sourceTree": "SOURCE_ROOT"
		},
		"E4B69E1D0A3A1BDC003C02F2": {
			"fileEncoding": "4",
			"isa": "PBXFileReference",
			"lastKnownFileType": "sourcecode.cpp.cpp",
			"name": "main.cpp",
			"path": "src/main.cpp",
			"sourceTree": "SOURCE_ROOT"
		},
		"E4B69E1E0A3A1BDC003C02F2": {
			"explicitFileType": "sourcecode.cpp.cpp",
			"fileEncoding": "4",
			"isa": "PBXFileReference",
			"name": "ofApp.cpp",
			"path": "src/ofApp.cpp",
			"sourceTree": "SOURCE_ROOT"
		},
		"E4B69E1F0A3A1BDC003C02F2": {
			"fileEncoding": "4",
			"isa": "PBXFileReference",
			"lastKnownFileType": "sourcecode.c.h",
			"name": "ofApp.h",
			"path": "src/ofApp.h",
			"sourceTree": "SOURCE_ROOT"
		},
		"E4B69E200A3A1BDC003C02F2": {
			"fileRef": "E4B69E1D0A3A1BDC003C02F2",
			"isa": "PBXBuildFile"
		},
		"E4B69E210A3A1BDC003C02F2": {
			"fileRef": "E4B69E1E0A3A1BDC003C02F2",
			"isa": "PBXBuildFile"
		},
		"E4B6FCAD0C3E899E008CF71C": {
			"fileEncoding": "4",
			"isa": "PBXFileReference",
			"lastKnownFileType": "text.plist.xml",
			"path": "openFrameworks-Info.plist",
			"sourceTree": "<group>"
		},
		"E4C2427710CC5ABF004149E2": {
			"buildActionMask": "2147483647",
			"dstPath": "",
			"dstSubfolderSpec": "10",
			"files": [],
			"isa": "PBXCopyFilesBuildPhase",
			"runOnlyForDeploymentPostprocessing": "0"
		},
		"E4EB6923138AFD0F00A09F29": {
			"fileEncoding": "4",
			"isa": "PBXFileReference",
			"lastKnownFileType": "text.xcconfig",
			"path": "Project.xcconfig",
			"sourceTree": "<group>"
		},
		"{0701EC85-B8D1-4CEE-A398-38D88828AB32}": {
			"fileRef": "{BFD86CC9-1975-4841-BB1D-BCEE5B9C8A52}",
			"isa": "PBXBuildFile"
		},
		"{073B527F-0C9A-40EF-BD5E-58AE4FB515BD}": {
			"explicitFileType": "sourcecode.c.h",
			"fileEncoding": "4",
			"isa": "PBXFileReference",
			"name": "ofxLabel.h",
			"path": "../../../addons/ofxGui/src/ofxLabel.h",
			"sourceTree": "SOURCE_ROOT"
		},
		"{13E357F4-DD5C-455F-9914-B399E41F532C}": {
			"children": [
				"{47EE9C84-B05F-429D-9547-37DD3F0AF49B}",
				"{984C1EEA-D225-4D34-876C-DFDF96462C5B}"
			],
			"isa": "PBXGroup",
			"name": "src",
			"sourceTree": "SOURCE_ROOT"
		},
		"{18A044BD-1661-417D-B05B-26407A93A921}": {
			"fileRef": "{1F5243B5-330D-48FB-9656-80D52B4CA2E1}",
			"isa": "PBXBuildFile"
		},
		"{1F5243B5-330D-48FB-9656-80D52B4CA2E1}": {
			"explicitFileType": "sourcecode.cpp.cpp",
			"fileEncoding": "4",
			"isa": "PBXFileReference",
			"name": "ofxSlider.cpp",
			"path": "../../../addons/ofxGui/src/ofxSlider.cpp",
			"sourceTree": "SOURCE_ROOT"
		},
		"{2119B615-1A61-40E8-9C3D-115B70B8D1E5}": {
			"fileRef": "{541D7772-5E53-408A-897E-DD2055806A91}",
			"isa": "PBXBuildFile"
		},
		"{2209636A-B09A-432A-9409-280BC84FB9D0}": {
			"explicitFileType": "sourcecode.cpp.cpp",
			"fileEncoding": "4",
			"isa": "PBXFileReference",
			"name": "ofxBaseGui.cpp",
			"path": "../../../addons/ofxGui/src/ofxBaseGui.cpp",
			"sourceTree": "SOURCE_ROOT"
		},
		"{2C307596-A46A-4BB4-8D6A-76E07D70CFC2}": {
			"explicitFileType": "sourcecode.c.h",
			"fileEncoding": "4",
			"isa": "PBXFileReference",
			"name": "ofxGuiUtils.h",
			"path": "../../../addons/ofxGui/src/ofxGuiUtils.h",
			"sourceTree": "SOURCE_ROOT"
		},
		"{2C9C6A75-1237-4587-8515-3009FA66FAA2}": {
			"explicitFileType": "sourcecode.cpp.cpp",
			"fileEncoding": "4",
			"isa": "PBXFileReference",
			"name": "ofxLabel.cpp",
			"path": "../../../addons/ofxGui/src/ofxLabel.cpp",
			"sourceTree": "SOURCE_ROOT"
		},
		"{2DF1EFF3-1D44-44A3-A860-620185F2737B}": {
			"fileRef": "{2C9C6A75-1237-4587-8515-3009FA66FAA2}",
			"isa": "PBXBuildFile"
		},
		"{30E605EA-74DB-4E0E-BF34-6085E6FD6033}": {
			"explicitFileType": "sourcecode.c.h",
			"fileEncoding": "4",
			"isa": "PBXFileReference",
			"name": "ofxBaseGui.h",
			"path": "../../../addons/ofxGui/src/ofxBaseGui.h",
			"sourceTree": "SOURCE_ROOT"
		},
		"{31BE1199-6DF0-4AD7-94AA-935330661DC0}": {
			"fileRef": "{2209636A-B09A-432A-9409-280BC84FB9D0}",
			"isa": "PBXBuildFile"
		},
		"{3850E360-DB71-4AEF-BAE0-9C1A43DB76E3}": {
			"explicitFileType": "sourcecode.c.h",
			"fileEncoding": "4",
			"isa": "PBXFileReference",
			"name": "ofxGui.h",
			"path": "../../../addons/ofxGui/src/ofxGui.h",
			"sourceTree": "SOURCE_ROOT"
		},
		"{398D19F3-043E-4BBA-871D-B320E54FB285}": {
			"explicitFileType": "sourcecode.c.h",
			"fileEncoding": "4",
			"isa": "PBXFileReference",
			"name": "ofxPanel.h",
			"path": "../../../addons/ofxGui/src/ofxPanel.h",
			"sourceTree": "SOURCE_ROOT"
		},
		"{39FBE493-A365-4F78-ABFD-AF22BC88F59C}": {
			"explicitFileType": "sourcecode.cpp.cpp",
			"fileEncoding": "4",
			"isa": "PBXFileReference",
			"name": "ofxColorPicker.cpp",
			"path": "../../../addons/ofxGui/src/ofxColorPicker.cpp",
			"sourceTree": "SOURCE_ROOT"
		},
		"{4396C7F1-F7B0-40FA-91A8-910097213070}": {
			"explicitFileType": "sourcecode.c.h",
			"fileEncoding": "4",
			"isa": "PBXFileReference",
			"name": "ofxBranch.h",
			"path": "../../../addons/ofxBranchesPrimitive/src/ofxBranch.h",
			"sourceTree": "SOURCE_ROOT"
		},
		"{456943BA-D70B-49E7-801C-F852F671A3D6}": {
			"fileRef": "{AD7B7DBB-26A1-408F-9ABC-292F3A614F8B}",
			"isa": "PBXBuildFile"
		},
		"{4695377E-5D2E-49DB-B6C2-F49B78F4ABF4}": {
			"fileRef": "{63482585-76C8-4AF1-838F-7A33880DB617}",
			"isa": "PBXBuildFile"
		},
		"{4777AB5D-7731-49CE-88F2-2873EAA20486}": {
			"fileRef": "{ADB9020A-0AEC-40E6-B20D-64AB84333DD2}",
			"isa": "PBXBuildFile"
		},
		"{47EE9C84-B05F-429D-9547-37DD3F0AF49B}": {
			"explicitFileType": "sourcecode.cpp.cpp",
			"fileEncoding": "4",
			"isa": "PBXFileReference",
			"name": "ofxBezierEditor.cpp",
			"path": "../../../addons/ofxBezierEditor/src/ofxBezierEditor.cpp",
			"sourceTree": "SOURCE_ROOT"
		},
		"{541D7772-5E53-408A-897E-DD2055806A91}": {
			"explicitFileType": "sourcecode.cpp.cpp",
			"fileEncoding": "4",
			"isa": "PBXFileReference",
			"name": "ofxGuiGroup.cpp",
			"path": "../../../addons/ofxGui/src/ofxGuiGroup.cpp",
			"sourceTree": "SOURCE_ROOT"
		},
		"{55A9FFB1-4BE3-48DD-8370-BDC6E5A46336}": {
			"explicitFileType": "sourcecode.c.h",
			"fileEncoding": "4",
			"isa": "PBXFileReference",
			"name": "ofxBranchesPrimitive.h",
			"path": "../../../addons/ofxBranchesPrimitive/src/ofxBranchesPrimitive.h",
			"sourceTree": "SOURCE_ROOT"
		},
		"{63482585-76C8-4AF1-838F-7A33880DB617}": {
			"explicitFileType": "sourcecode.cpp.cpp",
			"fileEncoding": "4",
			"isa": "PBXFileReference",
			"name": "ofxSliderGroup.cpp",
			"path": "../../../addons/ofxGui/src/ofxSliderGroup.cpp",
			"sourceTree": "SOURCE_ROOT"
		},
		"{6EA3213D-7587-4C37-BECF-A72AD9887108}": {
			"children": [
				"{D74D33BF-72D2-4D63-869A-4B6AF8921D52}"
			],
			"isa": "PBXGroup",
			"name": "ofxBranchesPrimitive",
			"sourceTree": "SOURCE_ROOT"
		},
		"{7183CF1F-0245-4ED6-9C68-BBE78DA76519}": {
			"explicitFileType": "sourcecode.c.h",
			"fileEncoding": "4",
			"isa": "PBXFileReference",
			"name": "ofxColorPicker.h",
			"path": "../../../addons/ofxGui/src/ofxColorPicker.h",
			"sourceTree": "SOURCE_ROOT"
		},
		"{897E200B-3D1A-4BD9-916D-B477EFCB258F}": {
			"explicitFileType": "sourcecode.c.h",
			"fileEncoding": "4",
			"isa": "PBXFileReference",
			"name": "ofxBranchCylinder.h",
			"path": "../../../addons/ofxBranchesPrimitive/src/ofxBranchCylinder.h",
			"sourceTree": "SOURCE_ROOT"
		},
		"{95A7FFF0-9FDA-441F-8AB9-672D666D0BA0}": {
			"explicitFileType": "sourcecode.c.h",
			"fileEncoding": "4",
			"isa": "PBXFileReference",
			"name": "ofxGuiGroup.h",
			"path": "../../../addons/ofxGui/src/ofxGuiGroup.h",
			"sourceTree": "SOURCE_ROOT"
		},
		"{984C1EEA-D225-4D34-876C-DFDF96462C5B}": {
			"explicitFileType": "sourcecode.c.h",
			"fileEncoding": "4",
			"isa": "PBXFileReference",
			"name": "ofxBezierEditor.h",
			"path": "../../../addons/ofxBezierEditor/src/ofxBezierEditor.h",
			"sourceTree": "SOURCE_ROOT"
		},
		"{A770D24C-22F2-47CE-9AFF-3C21494FB87D}": {
			"children": [
				"{2209636A-B09A-432A-9409-280BC84FB9D0}",
				"{30E605EA-74DB-4E0E-BF34-6085E6FD6033}",
				"{AD0B0EC9-700E-4E19-9F19-DF5A500CC3F8}",
				"{EE989406-9E36-4EE7-BD23-A14A2E28B32A}",
				"{39FBE493-A365-4F78-ABFD-AF22BC88F59C}",
				"{7183CF1F-0245-4ED6-9C68-BBE78DA76519}",
				"{3850E360-DB71-4AEF-BAE0-9C1A43DB76E3}",
				"{541D7772-5E53-408A-897E-DD2055806A91}",
				"{95A7FFF0-9FDA-441F-8AB9-672D666D0BA0}",
				"{2C307596-A46A-4BB4-8D6A-76E07D70CFC2}",
				"{BFD86CC9-1975-4841-BB1D-BCEE5B9C8A52}",
				"{C2A7363B-23D4-4DA4-8786-6E6776B031AB}",
				"{2C9C6A75-1237-4587-8515-3009FA66FAA2}",
				"{073B527F-0C9A-40EF-BD5E-58AE4FB515BD}",
				"{AD7B7DBB-26A1-408F-9ABC-292F3A614F8B}",
				"{398D19F3-043E-4BBA-871D-B320E54FB285}",
				"{1F5243B5-330D-48FB-9656-80D52B4CA2E1}",
				"{FE7CA3C4-5D57-4639-BE80-0617010967AF}",
				"{63482585-76C8-4AF1-838F-7A33880DB617}",
				"{F8B1BA5A-0421-4866-8ECC-69547909EB06}",
				"{ADB9020A-0AEC-40E6-B20D-64AB84333DD2}",
				"{D5A162BF-5275-47C4-91DC-D5E1F931FB55}"
			],
			"isa": "PBXGroup",
			"name": "src",
			"sourceTree": "SOURCE_ROOT"
		},
		"{AD0B0EC9-700E-4E19-9F19-DF5A500CC3F8}": {
			"explicitFileType": "sourcecode.cpp.cpp",
			"fileEncoding": "4",
			"isa": "PBXFileReference",
			"name": "ofxButton.cpp",
			"path": "../../../addons/ofxGui/src/ofxButton.cpp",
			"sourceTree": "SOURCE_ROOT"
		},
		"{AD7B7DBB-26A1-408F-9ABC-292F3A614F8B}": {
			"explicitFileType": "sourcecode.cpp.cpp",
			"fileEncoding": "4",
			"isa": "PBXFileReference",
			"name": "ofxPanel.cpp",
			"path": "../../../addons/ofxGui/src/ofxPanel.cpp",
			"sourceTree": "SOURCE_ROOT"
		},
		"{ADB9020A-0AEC-40E6-B20D-64AB84333DD2}": {
			"explicitFileType": "sourcecode.cpp.cpp",
			"fileEncoding": "4",
			"isa": "PBXFileReference",
			"name": "ofxToggle.cpp",
			"path": "../../../addons/ofxGui/src/ofxToggle.cpp",
			"sourceTree": "SOURCE_ROOT"
		},
		"{BFD86CC9-1975-4841-BB1D-BCEE5B9C8A52}": {
			"explicitFileType": "sourcecode.cpp.cpp",
			"fileEncoding": "4",
			"isa": "PBXFileReference",
			"name": "ofxInputField.cpp",
			"path": "../../../addons/ofxGui/src/ofxInputField.cpp",
			"sourceTree": "SOURCE_ROOT"
		},
		"{C200A3F4-1FC8-4547-B619-559DD3E3CFD0}": {
			"children": [
				"{A770D24C-22F2-47CE-9AFF-3C21494FB87D}"
			],
			"isa": "PBXGroup",
			"name": "ofxGui",
			"sourceTree": "SOURCE_ROOT"
		},
		"{C2A7363B-23D4-4DA4-8786-6E6776B031AB}": {
			"explicitFileType": "sourcecode.c.h",
			"fileEncoding": "4",
			"isa": "PBXFileReference",
			"name": "ofxInputField.h",
			"path": "../../../addons/ofxGui/src/ofxInputField.h",
			"sourceTree": "SOURCE_ROOT"
		},
		"{C43BDBEF-1855-414B-A23F-17265435DA10}": {
			"fileRef": "{E87993E8-9500-430B-AE16-B0AADC9D9668}",
			"isa": "PBXBuildFile"
		},
		"{C75E3909-0ED0-43C6-9527-0AED1E2550CC}": {
			"fileRef": "{39FBE493-A365-4F78-ABFD-AF22BC88F59C}",
			"isa": "PBXBuildFile"
		},
		"{D5A162BF-5275-47C4-91DC-D5E1F931FB55}": {
			"explicitFileType": "sourcecode.c.h",
			"fileEncoding": "4",
			"isa": "PBXFileReference",
			"name": "ofxToggle.h",
			"path": "../../../addons/ofxGui/src/ofxToggle.h",
			"sourceTree": "SOURCE_ROOT"
		},
		"{D74D33BF-72D2-4D63-869A-4B6AF8921D52}": {
			"children": [
				"{F9E4E051-D1B5-4649-82EB-45B4525B12F3}",
				"{4396C7F1-F7B0-40FA-91A8-910097213070}",
				"{897E200B-3D1A-4BD9-916D-B477EFCB258F}",
				"{E87993E8-9500-430B-AE16-B0AADC9D9668}",
				"{55A9FFB1-4BE3-48DD-8370-BDC6E5A46336}"
			],
			"isa": "PBXGroup",
			"name": "src",
			"sourceTree": "SOURCE_ROOT"
		},
		"{DA0A5C53-390B-4DB0-8B4D-39877E7C86D7}": {
			"children": [
				"{13E357F4-DD5C-455F-9914-B399E41F532C}"
			],
			"isa": "PBXGroup",
			"name": "ofxBezierEditor",
			"sourceTree": "SOURCE_ROOT"
		},
		"{DAA2B6C3-F83C-414D-92C7-DBC460129B75}": {
			"fileRef": "{F9E4E051-D1B5-4649-82EB-45B4525B12F3}",
			"isa": "PBXBuildFile"
		},
		"{DD130811-3AD3-462C-B981-94DA5823463F}": {
			"fileRef": "{AD0B0EC9-700E-4E19-9F19-DF5A500CC3F8}",
			"isa": "PBXBuildFile"
		},
		"{E16BA697-A305-4003-9232-01F6BE593406}": {
			"fileRef": "{47EE9C84-B05F-429D-9547-37DD3F0AF49B}",
			"isa": "PBXBuildFile"
		},
		"{E87993E8-9500-430B-AE16-B0AADC9D9668}": {
			"explicitFileType": "sourcecode.cpp.cpp",
			"fileEncoding": "4",
			"isa": "PBXFileReference",
			"name": "ofxBranchesPrimitive.cpp",
			"path": "../../../addons/ofxBranchesPrimitive/src/ofxBranchesPrimitive.cpp",
			"sourceTree": "SOURCE_ROOT"
		},
		"{EE989406-9E36-4EE7-BD23-A14A2E28B32A}": {
			"explicitFileType": "sourcecode.c.h",
			"fileEncoding": "4",
			"isa": "PBXFileReference",
			"name": "ofxButton.h",
			"path": "../../../addons/ofxGui/src/ofxButton.h",
			"sourceTree": "SOURCE_ROOT"
		},
		"{F8B1BA5A-0421-4866-8ECC-69547909EB06}": {
			"explicitFileType": "sourcecode.c.h",
			"fileEncoding": "4",
			"isa": "PBXFileReference",
			"name": "ofxSliderGroup.h",
			"path": "../../../addons/ofxGui/src/ofxSliderGroup.h",
			"sourceTree": "SOURCE_ROOT"
		},
		"{F9E4E051-D1B5-4649-82EB-45B4525B12F3}": {
			"explicitFileType": "sourcecode.cpp.cpp",
			"fileEncoding": "4",
			"isa": "PBXFileReference",
			"name": "ofxBranch.cpp",
			"path": "../../../addons/ofxBranchesPrimitive/src/ofxBranch.cpp",
			"sourceTree": "SOURCE_ROOT"
		},
		"{FE7CA3C4-5D57-4639-BE80-0617010967AF}": {
			"explicitFileType": "sourcecode.c.h",
			"fileEncoding": "4",
			"isa": "PBXFileReference",
			"name": "ofxSlider.h",
			"path": "../../../addons/ofxGui/src/ofxSlider.h",
			"sourceTree": "SOURCE_ROOT"
		}
	},
	"rootObject": "E4B69B4C0A3A1720003C02F2"
}