{
	"archiveVersion": "1",
	"classes": {},
	"objectVersion": "54",
	"objects": {
		"191CD6FA2847E21E0085CBB6": {
			"fileEncoding": "4",
			"isa": "PBXFileReference",
			"lastKnownFileType": "text.plist.entitlements",
			"path": "of.entitlements",
			"sourceTree": "<group>"
		},
		"191EF70929D778A400F35F26": {
			"isa": "PBXFileReference",
			"lastKnownFileType": "folder",
			"name": "openFrameworks",
			"path": "../../../libs/openFrameworks",
			"sourceTree": "SOURCE_ROOT"
		},
		"19B789C429E5AB4A0082E9B8": {
			"buildActionMask": "2147483647",
			"files": [],
			"inputFileListPaths": [],
			"inputPaths": [],
			"isa": "PBXShellScriptBuildPhase",
			"outputFileListPaths": [],
			"outputPaths": [],
			"runOnlyForDeploymentPostprocessing": "0",
			"shellPath": "/bin/sh",
			"shellScript": "\"$OF_PATH/scripts/osx/xcode_project.sh\"\n",
			"showEnvVarsInLog": "0"
		},
		"BB4B014C10F69532006C3DED": {
			"children": [
				"{802861BB-B307-44B9-889C-43B751B4C611}",
				"{5E6F3DC7-7AA7-42DC-A16F-0895B6907157}"
			],
			"isa": "PBXGroup",
			"name": "addons",
			"path": "../../../addons",
			"sourceTree": "<group>"
		},
		"E42962A92163ECCD00A6A9E2": {
			"alwaysOutOfDate": "1",
			"buildActionMask": "2147483647",
			"files": [],
			"inputPaths": [],
			"isa": "PBXShellScriptBuildPhase",
			"name": "Run Script — Compile OF",
			"outputPaths": [],
			"runOnlyForDeploymentPostprocessing": "0",
			"shellPath": "/bin/sh",
			"shellScript": "echo \"💾 Compiling Openframeworks\"\nxcodebuild -project \"$OF_PATH/libs/openFrameworksCompiled/project/osx/openFrameworksLib.xcodeproj\" -target openFrameworks -configuration \"${CONFIGURATION}\"  CLANG_CXX_LANGUAGE_STANDARD=$CLANG_CXX_LANGUAGE_STANDARD MACOSX_DEPLOYMENT_TARGET=$MACOSX_DEPLOYMENT_TARGET GCC_PREPROCESSOR_DEFINITIONS=$USER_PREPROCESSOR_DEFINITIONS\n",
			"showEnvVarsInLog": "0"
		},
		"E4A5B60F29BAAAE400C2D356": {
			"buildActionMask": "2147483647",
			"dstPath": "",
			"dstSubfolderSpec": "6",
			"files": [],
			"isa": "PBXCopyFilesBuildPhase",
			"runOnlyForDeploymentPostprocessing": "0"
		},
		"E4B69B4A0A3A1720003C02F2": {
			"children": [
				"191CD6FA2847E21E0085CBB6",
				"E4B6FCAD0C3E899E008CF71C",
				"E4EB6923138AFD0F00A09F29",
				"E4B69E1C0A3A1BDC003C02F2",
				"191EF70929D778A400F35F26",
				"BB4B014C10F69532006C3DED",
				"E4B69B5B0A3A1756003C02F2"
			],
			"isa": "PBXGroup",
			"sourceTree": "<group>"
		},
		"E4B69B4C0A3A1720003C02F2": {
			"attributes": {
				"LastUpgradeCheck": "0600"
			},
			"buildConfigurationList": "E4B69B4D0A3A1720003C02F2",
			"compatibilityVersion": "Xcode 3.2",
			"developmentRegion": "en",
			"hasScannedForEncodings": "0",
			"isa": "PBXProject",
			"knownRegions": [
				"en",
				"Base"
			],
			"mainGroup": "E4B69B4A0A3A1720003C02F2",
			"productRefGroup": "E4B69B4A0A3A1720003C02F2",
			"projectDirPath": "",
			"projectRoot": "",
			"targets": [
				"E4B69B5A0A3A1756003C02F2"
			]
		},
		"E4B69B4D0A3A1720003C02F2": {
			"buildConfigurations": [
				"E4B69B4E0A3A1720003C02F2",
				"E4B69B4F0A3A1720003C02F2"
			],
			"defaultConfigurationIsVisible": "0",
			"defaultConfigurationName": "Release",
			"isa": "XCConfigurationList"
		},
		"E4B69B4E0A3A1720003C02F2": {
			"baseConfigurationReference": "E4EB6923138AFD0F00A09F29",
			"buildSettings": {
				"CODE_SIGN_ENTITLEMENTS": "of.entitlements",
				"COPY_PHASE_STRIP": "NO",
				"ENABLE_TESTABILITY": "YES",
				"GCC_OPTIMIZATION_LEVEL": "0",
				"GCC_WARN_UNUSED_VARIABLE": "NO",
				"HEADER_SEARCH_PATHS": [
					"$(OF_CORE_HEADERS)",
					"src",
					"src",
					"../../../addons/ofxBezierEditor/src",
					"../../../addons/ofxGui/src"
				],
				"OTHER_CPLUSPLUSFLAGS": "-D__MACOSX_CORE__"
			},
			"isa": "XCBuildConfiguration",
			"name": "Debug"
		},
		"E4B69B4F0A3A1720003C02F2": {
			"baseConfigurationReference": "E4EB6923138AFD0F00A09F29",
			"buildSettings": {
				"CODE_SIGN_ENTITLEMENTS": "of.entitlements",
				"COPY_PHASE_STRIP": "YES",
				"GCC_OPTIMIZATION_LEVEL": "3",
				"GCC_UNROLL_LOOPS": "YES",
				"HEADER_SEARCH_PATHS": [
					"$(OF_CORE_HEADERS)",
					"src",
					"src",
					"../../../addons/ofxBezierEditor/src",
					"../../../addons/ofxGui/src"
				],
				"OTHER_CPLUSPLUSFLAGS": "-D__MACOSX_CORE__"
			},
			"isa": "XCBuildConfiguration",
			"name": "Release"
		},
		"E4B69B580A3A1756003C02F2": {
			"buildActionMask": "2147483647",
			"files": [
				"E4B69E200A3A1BDC003C02F2",
				"E4B69E210A3A1BDC003C02F2",
				"{8168F80A-58A7-414F-A665-71B48D8358FD}",
				"{567DE7A1-A4EE-4E70-9A23-DB0A2AF511CA}",
				"{CAD22771-A997-42A0-9C0F-63CADD9FC16F}",
				"{479F749F-0513-4045-8E01-A351B25183CE}",
				"{5612E5C0-C77D-4CC7-84C8-BD658D4519A1}",
				"{046F1ACD-A87A-4519-B7D9-69592794AD85}",
				"{66C818DD-37C4-4CB0-B60E-EB753386E9D2}",
				"{B76F2184-21A0-4D88-AD23-9E60F6AB1F2D}",
				"{30102AB3-FA1E-424C-B9C7-7D046053156A}",
				"{3B3813F6-2E7E-41FE-95C9-6DAC410F80C0}",
				"{962BA907-9F70-49FB-8F72-1E4E72ED4432}",
				"{AA98CADA-6B57-45FA-9302-E0EFF3A9516F}",
				"{2A4E6123-7486-4CE0-A1D8-E9D0F2778017}",
				"{D2D41376-261C-4253-8C0F-446A24893BBC}",
				"{207A4D15-5683-4391-91E2-F6EB58996F0F}",
				"{C7B7043D-D0EE-470F-91C0-047ECB7D0F61}",
				"{BAEB5C09-028D-4DCF-86A7-620DC6013484}",
				"{177CA44D-2FC9-4E05-8C4F-453A368AA0FB}"
			],
			"isa": "PBXSourcesBuildPhase",
			"runOnlyForDeploymentPostprocessing": "0"
		},
		"E4B69B590A3A1756003C02F2": {
			"buildActionMask": "2147483647",
			"files": [],
			"isa": "PBXFrameworksBuildPhase",
			"runOnlyForDeploymentPostprocessing": "0"
		},
		"E4B69B5A0A3A1756003C02F2": {
			"buildConfigurationList": "E4B69B5F0A3A1757003C02F2",
			"buildPhases": [
				"E42962A92163ECCD00A6A9E2",
				"E4B69B580A3A1756003C02F2",
				"E4B69B590A3A1756003C02F2",
				"E4C2427710CC5ABF004149E2",
				"E4A5B60F29BAAAE400C2D356",
				"19B789C429E5AB4A0082E9B8"
			],
			"buildRules": [],
			"dependencies": [],
			"isa": "PBXNativeTarget",
			"name": "example-ui",
			"productName": "myOFApp",
			"productReference": "E4B69B5B0A3A1756003C02F2",
			"productType": "com.apple.product-type.application"
		},
		"E4B69B5B0A3A1756003C02F2": {
			"explicitFileType": "wrapper.application",
			"includeInIndex": "0",
			"isa": "PBXFileReference",
			"path": "example-uiDebug.app",
			"sourceTree": "BUILT_PRODUCTS_DIR"
		},
		"E4B69B5F0A3A1757003C02F2": {
			"buildConfigurations": [
				"E4B69B600A3A1757003C02F2",
				"E4B69B610A3A1757003C02F2"
			],
			"defaultConfigurationIsVisible": "0",
			"defaultConfigurationName": "Release",
			"isa": "XCConfigurationList"
		},
		"E4B69B600A3A1757003C02F2": {
			"baseConfigurationReference": "E4EB6923138AFD0F00A09F29",
			"buildSettings": {
				"ARCHS": "$(ARCHS_STANDARD)",
				"COPY_PHASE_STRIP": "NO",
				"FRAMEWORK_SEARCH_PATHS": "$(inherited)",
				"GCC_DYNAMIC_NO_PIC": "NO",
				"HEADER_SEARCH_PATHS": [
					"$(OF_CORE_HEADERS)",
					"src",
					"src",
					"../../../addons/ofxBezierEditor/src",
					"../../../addons/ofxGui/src"
				],
				"LIBRARY_SEARCH_PATHS": "$(inherited)",
				"OTHER_LDFLAGS": [
					"$(OF_CORE_LIBS)",
					"$(OF_CORE_FRAMEWORKS)",
					"$(LIB_OF_DEBUG)"
				]
			},
			"isa": "XCBuildConfiguration",
			"name": "Debug"
		},
		"E4B69B610A3A1757003C02F2": {
			"baseConfigurationReference": "E4EB6923138AFD0F00A09F29",
			"buildSettings": {
				"ARCHS": "$(ARCHS_STANDARD)",
				"COPY_PHASE_STRIP": "YES",
				"FRAMEWORK_SEARCH_PATHS": "$(inherited)",
				"HEADER_SEARCH_PATHS": [
					"$(OF_CORE_HEADERS)",
					"src",
					"src",
					"../../../addons/ofxBezierEditor/src",
					"../../../addons/ofxGui/src"
				],
				"LIBRARY_SEARCH_PATHS": "$(inherited)",
				"OTHER_LDFLAGS": [
					"$(OF_CORE_LIBS)",
					"$(OF_CORE_FRAMEWORKS)",
					"$(LIB_OF)"
				],
				"baseConfigurationReference": "E4EB6923138AFD0F00A09F29"
			},
			"isa": "XCBuildConfiguration",
			"name": "Release"
		},
		"E4B69E1C0A3A1BDC003C02F2": {
			"children": [
				"E4B69E1D0A3A1BDC003C02F2",
				"E4B69E1E0A3A1BDC003C02F2",
				"E4B69E1F0A3A1BDC003C02F2"
			],
			"isa": "PBXGroup",
			"path": "src",
			"sourceTree": "SOURCE_ROOT"
		},
		"E4B69E1D0A3A1BDC003C02F2": {
			"fileEncoding": "4",
			"isa": "PBXFileReference",
			"lastKnownFileType": "sourcecode.cpp.cpp",
			"name": "main.cpp",
			"path": "src/main.cpp",
			"sourceTree": "SOURCE_ROOT"
		},
		"E4B69E1E0A3A1BDC003C02F2": {
			"explicitFileType": "sourcecode.cpp.cpp",
			"fileEncoding": "4",
			"isa": "PBXFileReference",
			"name": "ofApp.cpp",
			"path": "src/ofApp.cpp",
			"sourceTree": "SOURCE_ROOT"
		},
		"E4B69E1F0A3A1BDC003C02F2": {
			"fileEncoding": "4",
			"isa": "PBXFileReference",
			"lastKnownFileType": "sourcecode.c.h",
			"name": "ofApp.h",
			"path": "src/ofApp.h",
			"sourceTree": "SOURCE_ROOT"
		},
		"E4B69E200A3A1BDC003C02F2": {
			"fileRef": "E4B69E1D0A3A1BDC003C02F2",
			"isa": "PBXBuildFile"
		},
		"E4B69E210A3A1BDC003C02F2": {
			"fileRef": "E4B69E1E0A3A1BDC003C02F2",
			"isa": "PBXBuildFile"
		},
		"E4B6FCAD0C3E899E008CF71C": {
			"fileEncoding": "4",
			"isa": "PBXFileReference",
			"lastKnownFileType": "text.plist.xml",
			"path": "openFrameworks-Info.plist",
			"sourceTree": "<group>"
		},
		"E4C2427710CC5ABF004149E2": {
			"buildActionMask": "2147483647",
			"dstPath": "",
			"dstSubfolderSpec": "10",
			"files": [],
			"isa": "PBXCopyFilesBuildPhase",
			"runOnlyForDeploymentPostprocessing": "0"
		},
		"E4EB6923138AFD0F00A09F29": {
			"fileEncoding": "4",
			"isa": "PBXFileReference",
			"lastKnownFileType": "text.xcconfig",
			"path": "Project.xcconfig",
			"sourceTree": "<group>"
		},
		"{0338501D-72EC-489E-A2B8-ABFB4287A785}": {
			"explicitFileType": "sourcecode.c.h",
			"fileEncoding": "4",
			"isa": "PBXFileReference",
			"name": "ofxLabel.h",
			"path": "../../../addons/ofxGui/src/ofxLabel.h",
			"sourceTree": "SOURCE_ROOT"
		},
		"{03BD120A-E36A-4388-A57E-DDA108FB3B56}": {
			"explicitFileType": "sourcecode.cpp.cpp",
			"fileEncoding": "4",
			"isa": "PBXFileReference",
			"name": "ofxBezierUtility.cpp",
			"path": "../../../addons/ofxBezierEditor/src/ofxBezierUtility.cpp",
			"sourceTree": "SOURCE_ROOT"
		},
		"{046F1ACD-A87A-4519-B7D9-69592794AD85}": {
			"fileRef": "{E99B56A7-2CDD-4D50-88FC-2688789FF2B5}",
			"isa": "PBXBuildFile"
		},
		"{0A25556F-F207-45CE-BCA2-6B2564BCCB7F}": {
			"explicitFileType": "sourcecode.c.h",
			"fileEncoding": "4",
			"isa": "PBXFileReference",
			"name": "ofxColorPicker.h",
			"path": "../../../addons/ofxGui/src/ofxColorPicker.h",
			"sourceTree": "SOURCE_ROOT"
		},
		"{177CA44D-2FC9-4E05-8C4F-453A368AA0FB}": {
			"fileRef": "{25480370-6E8F-4E2E-A106-0CB1D10AFAC4}",
			"isa": "PBXBuildFile"
		},
		"{1870CFAF-5EE0-4D5F-A712-0ED511A9EEC1}": {
			"explicitFileType": "sourcecode.cpp.cpp",
			"fileEncoding": "4",
			"isa": "PBXFileReference",
			"name": "ofxSliderGroup.cpp",
			"path": "../../../addons/ofxGui/src/ofxSliderGroup.cpp",
			"sourceTree": "SOURCE_ROOT"
		},
		"{207A4D15-5683-4391-91E2-F6EB58996F0F}": {
			"fileRef": "{2F4CD81F-624B-409D-9DD6-007BB99AAEE8}",
			"isa": "PBXBuildFile"
		},
		"{25480370-6E8F-4E2E-A106-0CB1D10AFAC4}": {
			"explicitFileType": "sourcecode.cpp.cpp",
			"fileEncoding": "4",
			"isa": "PBXFileReference",
			"name": "ofxToggle.cpp",
			"path": "../../../addons/ofxGui/src/ofxToggle.cpp",
			"sourceTree": "SOURCE_ROOT"
		},
		"{2A4E6123-7486-4CE0-A1D8-E9D0F2778017}": {
			"fileRef": "{3B2B7EBD-3BE8-49B3-8B48-E2E099326DDB}",
			"isa": "PBXBuildFile"
		},
		"{2F4CD81F-624B-409D-9DD6-007BB99AAEE8}": {
			"explicitFileType": "sourcecode.cpp.cpp",
			"fileEncoding": "4",
			"isa": "PBXFileReference",
			"name": "ofxPanel.cpp",
			"path": "../../../addons/ofxGui/src/ofxPanel.cpp",
			"sourceTree": "SOURCE_ROOT"
		},
		"{2F961188-081C-400E-9CA1-E0B21180D2C6}": {
			"explicitFileType": "sourcecode.cpp.cpp",
			"fileEncoding": "4",
			"isa": "PBXFileReference",
			"name": "ofxBezierRibbonMeshBuilder.cpp",
			"path": "../../../addons/ofxBezierEditor/src/ofxBezierRibbonMeshBuilder.cpp",
			"sourceTree": "SOURCE_ROOT"
		},
		"{30102AB3-FA1E-424C-B9C7-7D046053156A}": {
			"fileRef": "{931FC6FC-40B6-4CAB-97A8-5C28E7A61D2D}",
			"isa": "PBXBuildFile"
		},
		"{3B2B7EBD-3BE8-49B3-8B48-E2E099326DDB}": {
			"explicitFileType": "sourcecode.cpp.cpp",
			"fileEncoding": "4",
			"isa": "PBXFileReference",
			"name": "ofxInputField.cpp",
			"path": "../../../addons/ofxGui/src/ofxInputField.cpp",
			"sourceTree": "SOURCE_ROOT"
		},
		"{3B3813F6-2E7E-41FE-95C9-6DAC410F80C0}": {
			"fileRef": "{FFC77728-7C45-4003-BF1C-BF49CD084622}",
			"isa": "PBXBuildFile"
		},
		"{3BE6D65B-41BC-4D3B-9DD1-4C320AEE5D0F}": {
			"explicitFileType": "sourcecode.c.h",
			"fileEncoding": "4",
			"isa": "PBXFileReference",
			"name": "ofxBezierDraw.h",
			"path": "../../../addons/ofxBezierEditor/src/ofxBezierDraw.h",
			"sourceTree": "SOURCE_ROOT"
		},
		"{3CB33CDA-CC66-4721-95B7-80C6F1D38442}": {
			"explicitFileType": "sourcecode.c.h",
			"fileEncoding": "4",
			"isa": "PBXFileReference",
			"name": "ofxButton.h",
			"path": "../../../addons/ofxGui/src/ofxButton.h",
			"sourceTree": "SOURCE_ROOT"
		},
		"{406B454D-3F58-45F5-BD62-734FCBF779FD}": {
			"explicitFileType": "sourcecode.c.h",
			"fileEncoding": "4",
			"isa": "PBXFileReference",
			"name": "ofxGui.h",
			"path": "../../../addons/ofxGui/src/ofxGui.h",
			"sourceTree": "SOURCE_ROOT"
		},
		"{416B08D0-5907-4E3A-95EA-2568B80CAD68}": {
			"explicitFileType": "sourcecode.c.h",
			"fileEncoding": "4",
			"isa": "PBXFileReference",
			"name": "ofxBezierRibbonMeshBuilder.h",
			"path": "../../../addons/ofxBezierEditor/src/ofxBezierRibbonMeshBuilder.h",
			"sourceTree": "SOURCE_ROOT"
		},
		"{43AC8EFE-1AAD-4DA8-A14F-B3187902C617}": {
			"explicitFileType": "sourcecode.c.h",
			"fileEncoding": "4",
			"isa": "PBXFileReference",
			"name": "ofxSliderGroup.h",
			"path": "../../../addons/ofxGui/src/ofxSliderGroup.h",
			"sourceTree": "SOURCE_ROOT"
		},
		"{479F749F-0513-4045-8E01-A351B25183CE}": {
			"fileRef": "{9C9DF9EC-47F8-4AB1-87DF-30289AFF2F8C}",
			"isa": "PBXBuildFile"
		},
		"{4E8C26CD-D738-4379-B0C6-46E1290FF8A7}": {
			"explicitFileType": "sourcecode.cpp.cpp",
			"fileEncoding": "4",
			"isa": "PBXFileReference",
			"name": "ofxSlider.cpp",
			"path": "../../../addons/ofxGui/src/ofxSlider.cpp",
			"sourceTree": "SOURCE_ROOT"
		},
		"{4FD3548C-3F81-423E-AF80-BF645CF053EB}": {
			"explicitFileType": "sourcecode.c.h",
			"fileEncoding": "4",
			"isa": "PBXFileReference",
			"name": "ofxBaseGui.h",
			"path": "../../../addons/ofxGui/src/ofxBaseGui.h",
			"sourceTree": "SOURCE_ROOT"
		},
		"{54E23A08-B8CF-4342-B346-0F57BED3B7E4}": {
			"explicitFileType": "sourcecode.cpp.cpp",
			"fileEncoding": "4",
			"isa": "PBXFileReference",
			"name": "ofxBezierEditorSettings.cpp",
			"path": "../../../addons/ofxBezierEditor/src/ofxBezierEditorSettings.cpp",
			"sourceTree": "SOURCE_ROOT"
		},
		"{5612E5C0-C77D-4CC7-84C8-BD658D4519A1}": {
			"fileRef": "{2F961188-081C-400E-9CA1-E0B21180D2C6}",
			"isa": "PBXBuildFile"
		},
		"{567DE7A1-A4EE-4E70-9A23-DB0A2AF511CA}": {
			"fileRef": "{C62651C3-B955-4C10-9F9F-5D9D545B2637}",
			"isa": "PBXBuildFile"
		},
		"{5E6F3DC7-7AA7-42DC-A16F-0895B6907157}": {
			"children": [
				"{A60B4279-0A87-4544-BC8D-B2B49D4EBF21}"
			],
			"isa": "PBXGroup",
			"name": "ofxGui",
			"sourceTree": "SOURCE_ROOT"
		},
		"{637FD756-7A15-44F6-B0C2-AD5EB96D4499}": {
			"explicitFileType": "sourcecode.c.h",
			"fileEncoding": "4",
			"isa": "PBXFileReference",
			"name": "ofxBezierEditor.h",
			"path": "../../../addons/ofxBezierEditor/src/ofxBezierEditor.h",
			"sourceTree": "SOURCE_ROOT"
		},
		"{66923BEF-AFCB-4376-9A1E-32398DC896CD}": {
			"explicitFileType": "sourcecode.cpp.cpp",
			"fileEncoding": "4",
			"isa": "PBXFileReference",
			"name": "ofxBezierDraw.cpp",
			"path": "../../../addons/ofxBezierEditor/src/ofxBezierDraw.cpp",
			"sourceTree": "SOURCE_ROOT"
		},
		"{66C818DD-37C4-4CB0-B60E-EB753386E9D2}": {
			"fileRef": "{B6CA577B-926F-4132-818D-8993B09D2D0C}",
			"isa": "PBXBuildFile"
		},
		"{68B8316A-9339-437B-8F3F-AA3CCBFC06F8}": {
			"explicitFileType": "sourcecode.cpp.cpp",
			"fileEncoding": "4",
			"isa": "PBXFileReference",
			"name": "ofxLabel.cpp",
			"path": "../../../addons/ofxGui/src/ofxLabel.cpp",
			"sourceTree": "SOURCE_ROOT"
		},
		"{691EF53D-345E-4778-8518-C7E771C388DF}": {
			"explicitFileType": "sourcecode.c.h",
			"fileEncoding": "4",
			"isa": "PBXFileReference",
			"name": "ofxBezierUI.h",
			"path": "../../../addons/ofxBezierEditor/src/ofxBezierUI.h",
			"sourceTree": "SOURCE_ROOT"
		},
		"{7A8DA304-32BA-4A75-A0A7-A2384F1A4920}": {
			"explicitFileType": "sourcecode.cpp.cpp",
			"fileEncoding": "4",
			"isa": "PBXFileReference",
			"name": "ofxColorPicker.cpp",
			"path": "../../../addons/ofxGui/src/ofxColorPicker.cpp",
			"sourceTree": "SOURCE_ROOT"
		},
		"{802861BB-B307-44B9-889C-43B751B4C611}": {
			"children": [
				"{A5E2ACA6-A640-4847-A455-B04325DC062B}"
			],
			"isa": "PBXGroup",
			"name": "ofxBezierEditor",
			"sourceTree": "SOURCE_ROOT"
		},
		"{8168F80A-58A7-414F-A665-71B48D8358FD}": {
			"fileRef": "{66923BEF-AFCB-4376-9A1E-32398DC896CD}",
			"isa": "PBXBuildFile"
		},
		"{835D3867-8880-43B5-B090-4163AD187212}": {
			"explicitFileType": "sourcecode.c.h",
			"fileEncoding": "4",
			"isa": "PBXFileReference",
			"name": "ofxGuiUtils.h",
			"path": "../../../addons/ofxGui/src/ofxGuiUtils.h",
			"sourceTree": "SOURCE_ROOT"
		},
		"{87DA6A65-9435-43FD-80B0-A8FA06DF0906}": {
			"explicitFileType": "sourcecode.c.h",
			"fileEncoding": "4",
			"isa": "PBXFileReference",
			"name": "ofxBezierUtility.h",
			"path": "../../../addons/ofxBezierEditor/src/ofxBezierUtility.h",
			"sourceTree": "SOURCE_ROOT"
		},
		"{8C4D4CA5-C7BE-4092-AF2C-C237F799C7D1}": {
			"explicitFileType": "sourcecode.c.h",
			"fileEncoding": "4",
			"isa": "PBXFileReference",
			"name": "ofxSlider.h",
			"path": "../../../addons/ofxGui/src/ofxSlider.h",
			"sourceTree": "SOURCE_ROOT"
		},
		"{931FC6FC-40B6-4CAB-97A8-5C28E7A61D2D}": {
			"explicitFileType": "sourcecode.cpp.cpp",
			"fileEncoding": "4",
			"isa": "PBXFileReference",
			"name": "ofxBaseGui.cpp",
			"path": "../../../addons/ofxGui/src/ofxBaseGui.cpp",
			"sourceTree": "SOURCE_ROOT"
		},
		"{962BA907-9F70-49FB-8F72-1E4E72ED4432}": {
			"fileRef": "{7A8DA304-32BA-4A75-A0A7-A2384F1A4920}",
			"isa": "PBXBuildFile"
		},
		"{96E9FE3D-DF65-421C-89A2-2154463D2B33}": {
			"explicitFileType": "sourcecode.c.h",
			"fileEncoding": "4",
			"isa": "PBXFileReference",
			"name": "ofxBezierTubeMeshBuilder.h",
			"path": "../../../addons/ofxBezierEditor/src/ofxBezierTubeMeshBuilder.h",
			"sourceTree": "SOURCE_ROOT"
		},
		"{9C9DF9EC-47F8-4AB1-87DF-30289AFF2F8C}": {
			"explicitFileType": "sourcecode.cpp.cpp",
			"fileEncoding": "4",
			"isa": "PBXFileReference",
			"name": "ofxBezierEvents.cpp",
			"path": "../../../addons/ofxBezierEditor/src/ofxBezierEvents.cpp",
			"sourceTree": "SOURCE_ROOT"
		},
		"{A14D866C-49C2-46E0-84BF-63D788C78D65}": {
			"explicitFileType": "sourcecode.c.h",
			"fileEncoding": "4",
			"isa": "PBXFileReference",
			"name": "draggableVertex.h",
			"path": "../../../addons/ofxBezierEditor/src/draggableVertex.h",
			"sourceTree": "SOURCE_ROOT"
		},
		"{A5E2ACA6-A640-4847-A455-B04325DC062B}": {
			"children": [
				"{A14D866C-49C2-46E0-84BF-63D788C78D65}",
				"{66923BEF-AFCB-4376-9A1E-32398DC896CD}",
				"{3BE6D65B-41BC-4D3B-9DD1-4C320AEE5D0F}",
				"{C62651C3-B955-4C10-9F9F-5D9D545B2637}",
				"{637FD756-7A15-44F6-B0C2-AD5EB96D4499}",
				"{54E23A08-B8CF-4342-B346-0F57BED3B7E4}",
				"{CCAC91D6-299A-4681-B4D1-FE53E9E184C7}",
				"{9C9DF9EC-47F8-4AB1-87DF-30289AFF2F8C}",
				"{C8BC5747-8FCB-441D-BDAC-9D66368A0A9F}",
				"{2F961188-081C-400E-9CA1-E0B21180D2C6}",
				"{416B08D0-5907-4E3A-95EA-2568B80CAD68}",
				"{E99B56A7-2CDD-4D50-88FC-2688789FF2B5}",
				"{96E9FE3D-DF65-421C-89A2-2154463D2B33}",
				"{B6CA577B-926F-4132-818D-8993B09D2D0C}",
				"{691EF53D-345E-4778-8518-C7E771C388DF}",
				"{03BD120A-E36A-4388-A57E-DDA108FB3B56}",
				"{87DA6A65-9435-43FD-80B0-A8FA06DF0906}"
			],
			"isa": "PBXGroup",
			"name": "src",
			"sourceTree": "SOURCE_ROOT"
		},
		"{A60B4279-0A87-4544-BC8D-B2B49D4EBF21}": {
			"children": [
				"{931FC6FC-40B6-4CAB-97A8-5C28E7A61D2D}",
				"{4FD3548C-3F81-423E-AF80-BF645CF053EB}",
				"{FFC77728-7C45-4003-BF1C-BF49CD084622}",
				"{3CB33CDA-CC66-4721-95B7-80C6F1D38442}",
				"{7A8DA304-32BA-4A75-A0A7-A2384F1A4920}",
				"{0A25556F-F207-45CE-BCA2-6B2564BCCB7F}",
				"{406B454D-3F58-45F5-BD62-734FCBF779FD}",
				"{CBC67724-405A-4759-A861-21090BE0DABB}",
				"{FC287C3A-430A-41D4-8B7E-C8A647403B2B}",
				"{835D3867-8880-43B5-B090-4163AD187212}",
				"{3B2B7EBD-3BE8-49B3-8B48-E2E099326DDB}",
				"{D342B204-86C1-4294-8FF6-E326E1963B08}",
				"{68B8316A-9339-437B-8F3F-AA3CCBFC06F8}",
				"{0338501D-72EC-489E-A2B8-ABFB4287A785}",
				"{2F4CD81F-624B-409D-9DD6-007BB99AAEE8}",
				"{D524018C-D1E8-46B9-970C-4EA0D361AE50}",
				"{4E8C26CD-D738-4379-B0C6-46E1290FF8A7}",
				"{8C4D4CA5-C7BE-4092-AF2C-C237F799C7D1}",
				"{1870CFAF-5EE0-4D5F-A712-0ED511A9EEC1}",
				"{43AC8EFE-1AAD-4DA8-A14F-B3187902C617}",
				"{25480370-6E8F-4E2E-A106-0CB1D10AFAC4}",
				"{F5C0BED2-F925-402F-ADC5-99B8A4B79427}"
			],
			"isa": "PBXGroup",
			"name": "src",
			"sourceTree": "SOURCE_ROOT"
		},
		"{AA98CADA-6B57-45FA-9302-E0EFF3A9516F}": {
			"fileRef": "{CBC67724-405A-4759-A861-21090BE0DABB}",
			"isa": "PBXBuildFile"
		},
		"{B6CA577B-926F-4132-818D-8993B09D2D0C}": {
			"explicitFileType": "sourcecode.cpp.cpp",
			"fileEncoding": "4",
			"isa": "PBXFileReference",
			"name": "ofxBezierUI.cpp",
			"path": "../../../addons/ofxBezierEditor/src/ofxBezierUI.cpp",
			"sourceTree": "SOURCE_ROOT"
		},
		"{B76F2184-21A0-4D88-AD23-9E60F6AB1F2D}": {
			"fileRef": "{03BD120A-E36A-4388-A57E-DDA108FB3B56}",
			"isa": "PBXBuildFile"
		},
		"{BAEB5C09-028D-4DCF-86A7-620DC6013484}": {
			"fileRef": "{1870CFAF-5EE0-4D5F-A712-0ED511A9EEC1}",
			"isa": "PBXBuildFile"
		},
		"{C62651C3-B955-4C10-9F9F-5D9D545B2637}": {
			"explicitFileType": "sourcecode.cpp.cpp",
			"fileEncoding": "4",
			"isa": "PBXFileReference",
			"name": "ofxBezierEditor.cpp",
			"path": "../../../addons/ofxBezierEditor/src/ofxBezierEditor.cpp",
			"sourceTree": "SOURCE_ROOT"
		},
		"{C7B7043D-D0EE-470F-91C0-047ECB7D0F61}": {
			"fileRef": "{4E8C26CD-D738-4379-B0C6-46E1290FF8A7}",
			"isa": "PBXBuildFile"
		},
		"{C8BC5747-8FCB-441D-BDAC-9D66368A0A9F}": {
			"explicitFileType": "sourcecode.c.h",
			"fileEncoding": "4",
			"isa": "PBXFileReference",
			"name": "ofxBezierEvents.h",
			"path": "../../../addons/ofxBezierEditor/src/ofxBezierEvents.h",
			"sourceTree": "SOURCE_ROOT"
		},
		"{CAD22771-A997-42A0-9C0F-63CADD9FC16F}": {
			"fileRef": "{54E23A08-B8CF-4342-B346-0F57BED3B7E4}",
			"isa": "PBXBuildFile"
		},
		"{CBC67724-405A-4759-A861-21090BE0DABB}": {
			"explicitFileType": "sourcecode.cpp.cpp",
			"fileEncoding": "4",
			"isa": "PBXFileReference",
			"name": "ofxGuiGroup.cpp",
			"path": "../../../addons/ofxGui/src/ofxGuiGroup.cpp",
			"sourceTree": "SOURCE_ROOT"
		},
		"{CCAC91D6-299A-4681-B4D1-FE53E9E184C7}": {
			"explicitFileType": "sourcecode.c.h",
			"fileEncoding": "4",
			"isa": "PBXFileReference",
			"name": "ofxBezierEditorSettings.h",
			"path": "../../../addons/ofxBezierEditor/src/ofxBezierEditorSettings.h",
			"sourceTree": "SOURCE_ROOT"
		},
		"{D2D41376-261C-4253-8C0F-446A24893BBC}": {
			"fileRef": "{68B8316A-9339-437B-8F3F-AA3CCBFC06F8}",
			"isa": "PBXBuildFile"
		},
		"{D342B204-86C1-4294-8FF6-E326E1963B08}": {
			"explicitFileType": "sourcecode.c.h",
			"fileEncoding": "4",
			"isa": "PBXFileReference",
			"name": "ofxInputField.h",
			"path": "../../../addons/ofxGui/src/ofxInputField.h",
			"sourceTree": "SOURCE_ROOT"
		},
		"{D524018C-D1E8-46B9-970C-4EA0D361AE50}": {
			"explicitFileType": "sourcecode.c.h",
			"fileEncoding": "4",
			"isa": "PBXFileReference",
			"name": "ofxPanel.h",
			"path": "../../../addons/ofxGui/src/ofxPanel.h",
			"sourceTree": "SOURCE_ROOT"
		},
		"{E99B56A7-2CDD-4D50-88FC-2688789FF2B5}": {
			"explicitFileType": "sourcecode.cpp.cpp",
			"fileEncoding": "4",
			"isa": "PBXFileReference",
			"name": "ofxBezierTubeMeshBuilder.cpp",
			"path": "../../../addons/ofxBezierEditor/src/ofxBezierTubeMeshBuilder.cpp",
			"sourceTree": "SOURCE_ROOT"
		},
		"{F5C0BED2-F925-402F-ADC5-99B8A4B79427}": {
			"explicitFileType": "sourcecode.c.h",
			"fileEncoding": "4",
			"isa": "PBXFileReference",
			"name": "ofxToggle.h",
			"path": "../../../addons/ofxGui/src/ofxToggle.h",
			"sourceTree": "SOURCE_ROOT"
		},
		"{FC287C3A-430A-41D4-8B7E-C8A647403B2B}": {
			"explicitFileType": "sourcecode.c.h",
			"fileEncoding": "4",
			"isa": "PBXFileReference",
			"name": "ofxGuiGroup.h",
			"path": "../../../addons/ofxGui/src/ofxGuiGroup.h",
			"sourceTree": "SOURCE_ROOT"
		},
		"{FFC77728-7C45-4003-BF1C-BF49CD084622}": {
			"explicitFileType": "sourcecode.cpp.cpp",
			"fileEncoding": "4",
			"isa": "PBXFileReference",
			"name": "ofxButton.cpp",
			"path": "../../../addons/ofxGui/src/ofxButton.cpp",
			"sourceTree": "SOURCE_ROOT"
		}
	},
	"rootObject": "E4B69B4C0A3A1720003C02F2"
}