{
	"archiveVersion": "1",
	"classes": {},
	"objectVersion": "54",
	"objects": {
		"191CD6FA2847E21E0085CBB6": {
			"fileEncoding": "4",
			"isa": "PBXFileReference",
			"lastKnownFileType": "text.plist.entitlements",
			"path": "of.entitlements",
			"sourceTree": "<group>"
		},
		"191EF70929D778A400F35F26": {
			"isa": "PBXFileReference",
			"lastKnownFileType": "folder",
			"name": "openFrameworks",
			"path": "../../../libs/openFrameworks",
			"sourceTree": "SOURCE_ROOT"
		},
		"19B789C429E5AB4A0082E9B8": {
			"buildActionMask": "2147483647",
			"files": [],
			"inputFileListPaths": [],
			"inputPaths": [],
			"isa": "PBXShellScriptBuildPhase",
			"outputFileListPaths": [],
			"outputPaths": [],
			"runOnlyForDeploymentPostprocessing": "0",
			"shellPath": "/bin/sh",
			"shellScript": "\"$OF_PATH/scripts/osx/xcode_project.sh\"\n",
			"showEnvVarsInLog": "0"
		},
		"BB4B014C10F69532006C3DED": {
			"children": [
				"{D7E90ED3-96F7-428C-B302-32D752CD791A}",
				"{E0592324-B558-4BF3-BC69-42B9C64B20BE}"
			],
			"isa": "PBXGroup",
			"name": "addons",
			"path": "../../../addons",
			"sourceTree": "<group>"
		},
		"E42962A92163ECCD00A6A9E2": {
			"alwaysOutOfDate": "1",
			"buildActionMask": "2147483647",
			"files": [],
			"inputPaths": [],
			"isa": "PBXShellScriptBuildPhase",
			"name": "Run Script — Compile OF",
			"outputPaths": [],
			"runOnlyForDeploymentPostprocessing": "0",
			"shellPath": "/bin/sh",
			"shellScript": "echo \"💾 Compiling Openframeworks\"\nxcodebuild -project \"$OF_PATH/libs/openFrameworksCompiled/project/osx/openFrameworksLib.xcodeproj\" -target openFrameworks -configuration \"${CONFIGURATION}\"  CLANG_CXX_LANGUAGE_STANDARD=$CLANG_CXX_LANGUAGE_STANDARD MACOSX_DEPLOYMENT_TARGET=$MACOSX_DEPLOYMENT_TARGET GCC_PREPROCESSOR_DEFINITIONS=$USER_PREPROCESSOR_DEFINITIONS\n",
			"showEnvVarsInLog": "0"
		},
		"E4A5B60F29BAAAE400C2D356": {
			"buildActionMask": "2147483647",
			"dstPath": "",
			"dstSubfolderSpec": "6",
			"files": [],
			"isa": "PBXCopyFilesBuildPhase",
			"runOnlyForDeploymentPostprocessing": "0"
		},
		"E4B69B4A0A3A1720003C02F2": {
			"children": [
				"191CD6FA2847E21E0085CBB6",
				"E4B6FCAD0C3E899E008CF71C",
				"E4EB6923138AFD0F00A09F29",
				"E4B69E1C0A3A1BDC003C02F2",
				"191EF70929D778A400F35F26",
				"BB4B014C10F69532006C3DED",
				"E4B69B5B0A3A1756003C02F2"
			],
			"isa": "PBXGroup",
			"sourceTree": "<group>"
		},
		"E4B69B4C0A3A1720003C02F2": {
			"attributes": {
				"LastUpgradeCheck": "0600"
			},
			"buildConfigurationList": "E4B69B4D0A3A1720003C02F2",
			"compatibilityVersion": "Xcode 3.2",
			"developmentRegion": "en",
			"hasScannedForEncodings": "0",
			"isa": "PBXProject",
			"knownRegions": [
				"en",
				"Base"
			],
			"mainGroup": "E4B69B4A0A3A1720003C02F2",
			"productRefGroup": "E4B69B4A0A3A1720003C02F2",
			"projectDirPath": "",
			"projectRoot": "",
			"targets": [
				"E4B69B5A0A3A1756003C02F2"
			]
		},
		"E4B69B4D0A3A1720003C02F2": {
			"buildConfigurations": [
				"E4B69B4E0A3A1720003C02F2",
				"E4B69B4F0A3A1720003C02F2"
			],
			"defaultConfigurationIsVisible": "0",
			"defaultConfigurationName": "Release",
			"isa": "XCConfigurationList"
		},
		"E4B69B4E0A3A1720003C02F2": {
			"baseConfigurationReference": "E4EB6923138AFD0F00A09F29",
			"buildSettings": {
				"CODE_SIGN_ENTITLEMENTS": "of.entitlements",
				"COPY_PHASE_STRIP": "NO",
				"ENABLE_TESTABILITY": "YES",
				"GCC_OPTIMIZATION_LEVEL": "0",
				"GCC_WARN_UNUSED_VARIABLE": "NO",
				"HEADER_SEARCH_PATHS": [
					"$(OF_CORE_HEADERS)",
					"src",
					"src",
					"../../../addons/ofxBezierEditor/src",
					"../../../addons/ofxGui/src"
				],
				"OTHER_CPLUSPLUSFLAGS": "-D__MACOSX_CORE__"
			},
			"isa": "XCBuildConfiguration",
			"name": "Debug"
		},
		"E4B69B4F0A3A1720003C02F2": {
			"baseConfigurationReference": "E4EB6923138AFD0F00A09F29",
			"buildSettings": {
				"CODE_SIGN_ENTITLEMENTS": "of.entitlements",
				"COPY_PHASE_STRIP": "YES",
				"GCC_OPTIMIZATION_LEVEL": "3",
				"GCC_UNROLL_LOOPS": "YES",
				"HEADER_SEARCH_PATHS": [
					"$(OF_CORE_HEADERS)",
					"src",
					"src",
					"../../../addons/ofxBezierEditor/src",
					"../../../addons/ofxGui/src"
				],
				"OTHER_CPLUSPLUSFLAGS": "-D__MACOSX_CORE__"
			},
			"isa": "XCBuildConfiguration",
			"name": "Release"
		},
		"E4B69B580A3A1756003C02F2": {
			"buildActionMask": "2147483647",
			"files": [
				"E4B69E200A3A1BDC003C02F2",
				"E4B69E210A3A1BDC003C02F2",
				"{7D65ED5D-D310-4D1D-80B7-2804F30A1D23}",
				"{DDDF6627-BDEC-409C-A630-9A0820AF0061}",
				"{15A3F7F9-28D6-49DB-8AC6-4B3015C6DF03}",
				"{D6904A07-D16E-414C-8D84-1DA149959357}",
				"{674E77EE-D94C-4B0D-84BD-660DCBA82CDD}",
				"{8E2A23A5-60AD-4CCC-9498-A35F103B3273}",
				"{3E5C6193-3880-4B5A-9849-E7F10850D6A7}",
				"{A80782D6-5CB0-47C4-9629-2331204747FC}",
				"{A0B3D47F-0DD8-492F-ACBE-7841063AABBE}",
				"{49C96968-0BD7-4ECC-A0C2-A662F62BD9C2}",
				"{889D594C-8D3C-4585-A8A2-5CE4D25985F8}"
			],
			"isa": "PBXSourcesBuildPhase",
			"runOnlyForDeploymentPostprocessing": "0"
		},
		"E4B69B590A3A1756003C02F2": {
			"buildActionMask": "2147483647",
			"files": [],
			"isa": "PBXFrameworksBuildPhase",
			"runOnlyForDeploymentPostprocessing": "0"
		},
		"E4B69B5A0A3A1756003C02F2": {
			"buildConfigurationList": "E4B69B5F0A3A1757003C02F2",
			"buildPhases": [
				"E42962A92163ECCD00A6A9E2",
				"E4B69B580A3A1756003C02F2",
				"E4B69B590A3A1756003C02F2",
				"E4C2427710CC5ABF004149E2",
				"E4A5B60F29BAAAE400C2D356",
				"19B789C429E5AB4A0082E9B8"
			],
			"buildRules": [],
			"dependencies": [],
			"isa": "PBXNativeTarget",
			"name": "example-ui",
			"productName": "myOFApp",
			"productReference": "E4B69B5B0A3A1756003C02F2",
			"productType": "com.apple.product-type.application"
		},
		"E4B69B5B0A3A1756003C02F2": {
			"explicitFileType": "wrapper.application",
			"includeInIndex": "0",
			"isa": "PBXFileReference",
			"path": "example-uiDebug.app",
			"sourceTree": "BUILT_PRODUCTS_DIR"
		},
		"E4B69B5F0A3A1757003C02F2": {
			"buildConfigurations": [
				"E4B69B600A3A1757003C02F2",
				"E4B69B610A3A1757003C02F2"
			],
			"defaultConfigurationIsVisible": "0",
			"defaultConfigurationName": "Release",
			"isa": "XCConfigurationList"
		},
		"E4B69B600A3A1757003C02F2": {
			"baseConfigurationReference": "E4EB6923138AFD0F00A09F29",
			"buildSettings": {
				"ARCHS": "$(ARCHS_STANDARD)",
				"COPY_PHASE_STRIP": "NO",
				"FRAMEWORK_SEARCH_PATHS": "$(inherited)",
				"GCC_DYNAMIC_NO_PIC": "NO",
				"HEADER_SEARCH_PATHS": [
					"$(OF_CORE_HEADERS)",
					"src",
					"src",
					"../../../addons/ofxBezierEditor/src",
					"../../../addons/ofxGui/src"
				],
				"LIBRARY_SEARCH_PATHS": "$(inherited)",
				"OTHER_LDFLAGS": [
					"$(OF_CORE_LIBS)",
					"$(OF_CORE_FRAMEWORKS)",
					"$(LIB_OF_DEBUG)"
				]
			},
			"isa": "XCBuildConfiguration",
			"name": "Debug"
		},
		"E4B69B610A3A1757003C02F2": {
			"baseConfigurationReference": "E4EB6923138AFD0F00A09F29",
			"buildSettings": {
				"ARCHS": "$(ARCHS_STANDARD)",
				"COPY_PHASE_STRIP": "YES",
				"FRAMEWORK_SEARCH_PATHS": "$(inherited)",
				"HEADER_SEARCH_PATHS": [
					"$(OF_CORE_HEADERS)",
					"src",
					"src",
					"../../../addons/ofxBezierEditor/src",
					"../../../addons/ofxGui/src"
				],
				"LIBRARY_SEARCH_PATHS": "$(inherited)",
				"OTHER_LDFLAGS": [
					"$(OF_CORE_LIBS)",
					"$(OF_CORE_FRAMEWORKS)",
					"$(LIB_OF)"
				],
				"baseConfigurationReference": "E4EB6923138AFD0F00A09F29"
			},
			"isa": "XCBuildConfiguration",
			"name": "Release"
		},
		"E4B69E1C0A3A1BDC003C02F2": {
			"children": [
				"E4B69E1D0A3A1BDC003C02F2",
				"E4B69E1E0A3A1BDC003C02F2",
				"E4B69E1F0A3A1BDC003C02F2"
			],
			"isa": "PBXGroup",
			"path": "src",
			"sourceTree": "SOURCE_ROOT"
		},
		"E4B69E1D0A3A1BDC003C02F2": {
			"fileEncoding": "4",
			"isa": "PBXFileReference",
			"lastKnownFileType": "sourcecode.cpp.cpp",
			"name": "main.cpp",
			"path": "src/main.cpp",
			"sourceTree": "SOURCE_ROOT"
		},
		"E4B69E1E0A3A1BDC003C02F2": {
			"explicitFileType": "sourcecode.cpp.cpp",
			"fileEncoding": "4",
			"isa": "PBXFileReference",
			"name": "ofApp.cpp",
			"path": "src/ofApp.cpp",
			"sourceTree": "SOURCE_ROOT"
		},
		"E4B69E1F0A3A1BDC003C02F2": {
			"fileEncoding": "4",
			"isa": "PBXFileReference",
			"lastKnownFileType": "sourcecode.c.h",
			"name": "ofApp.h",
			"path": "src/ofApp.h",
			"sourceTree": "SOURCE_ROOT"
		},
		"E4B69E200A3A1BDC003C02F2": {
			"fileRef": "E4B69E1D0A3A1BDC003C02F2",
			"isa": "PBXBuildFile"
		},
		"E4B69E210A3A1BDC003C02F2": {
			"fileRef": "E4B69E1E0A3A1BDC003C02F2",
			"isa": "PBXBuildFile"
		},
		"E4B6FCAD0C3E899E008CF71C": {
			"fileEncoding": "4",
			"isa": "PBXFileReference",
			"lastKnownFileType": "text.plist.xml",
			"path": "openFrameworks-Info.plist",
			"sourceTree": "<group>"
		},
		"E4C2427710CC5ABF004149E2": {
			"buildActionMask": "2147483647",
			"dstPath": "",
			"dstSubfolderSpec": "10",
			"files": [],
			"isa": "PBXCopyFilesBuildPhase",
			"runOnlyForDeploymentPostprocessing": "0"
		},
		"E4EB6923138AFD0F00A09F29": {
			"fileEncoding": "4",
			"isa": "PBXFileReference",
			"lastKnownFileType": "text.xcconfig",
			"path": "Project.xcconfig",
			"sourceTree": "<group>"
		},
		"{0357F65A-FECB-45B3-8DDD-820D3E74B294}": {
			"explicitFileType": "sourcecode.c.h",
			"fileEncoding": "4",
			"isa": "PBXFileReference",
			"name": "ofxLabel.h",
			"path": "../../../addons/ofxGui/src/ofxLabel.h",
			"sourceTree": "SOURCE_ROOT"
		},
		"{09D2704D-F7E3-44C4-A2DD-EAC8605D00D8}": {
			"children": [
				"{19CD61F8-DF0D-4A45-B214-4409A92A3F5F}",
				"{6EEFF50E-88F0-4618-8A0F-566BEEA65C41}",
				"{5C2D9BF8-B5E0-4C9E-B920-A7D4BE39FE4C}",
				"{6BFC14AC-C446-42E5-B436-81F4A3787E69}",
				"{CAE24E78-031A-4B26-A60C-939DBF140531}",
				"{268B29F1-2B98-4EBA-86E0-A8C72AD603F5}",
				"{1345DD36-1A68-41AB-8B5C-F590124C161F}",
				"{F2133834-D028-452A-8E4A-40232CA0337D}",
				"{18C0E6E8-EDC1-44A6-9650-18871456074C}",
				"{9951AD92-1520-4759-825D-70A878FF71CF}",
				"{81D0744F-9D85-4824-92B4-1A4276757983}",
				"{322B8535-FEFB-457F-9BDA-88B6B470E0AD}",
				"{9D7B0C7D-3F80-4D21-A6CF-07593E861453}",
				"{0357F65A-FECB-45B3-8DDD-820D3E74B294}",
				"{E7FEA924-203E-4EDA-BBD7-9E9433878290}",
				"{9A5FB1F7-EFEB-4A0C-8A94-C91473C20801}",
				"{C875E133-C234-4B13-BE4A-A7544A8632C4}",
				"{B1F478F8-0E17-453A-982A-51361A109139}",
				"{34951AC4-08DE-4F7A-BA8B-1F845173911E}",
				"{E91D2D93-D42B-494D-87C0-9F152645D1A4}",
				"{CF85978B-9C02-4BD2-A0EB-98F1FABB9A0F}",
				"{C9491AA5-8ADD-4451-BB11-45B357147FF8}"
			],
			"isa": "PBXGroup",
			"name": "src",
			"sourceTree": "SOURCE_ROOT"
		},
		"{1345DD36-1A68-41AB-8B5C-F590124C161F}": {
			"explicitFileType": "sourcecode.c.h",
			"fileEncoding": "4",
			"isa": "PBXFileReference",
			"name": "ofxGui.h",
			"path": "../../../addons/ofxGui/src/ofxGui.h",
			"sourceTree": "SOURCE_ROOT"
		},
		"{15A3F7F9-28D6-49DB-8AC6-4B3015C6DF03}": {
			"fileRef": "{5C2D9BF8-B5E0-4C9E-B920-A7D4BE39FE4C}",
			"isa": "PBXBuildFile"
		},
		"{18C0E6E8-EDC1-44A6-9650-18871456074C}": {
			"explicitFileType": "sourcecode.c.h",
			"fileEncoding": "4",
			"isa": "PBXFileReference",
			"name": "ofxGuiGroup.h",
			"path": "../../../addons/ofxGui/src/ofxGuiGroup.h",
			"sourceTree": "SOURCE_ROOT"
		},
		"{19CD61F8-DF0D-4A45-B214-4409A92A3F5F}": {
			"explicitFileType": "sourcecode.cpp.cpp",
			"fileEncoding": "4",
			"isa": "PBXFileReference",
			"name": "ofxBaseGui.cpp",
			"path": "../../../addons/ofxGui/src/ofxBaseGui.cpp",
			"sourceTree": "SOURCE_ROOT"
		},
		"{268B29F1-2B98-4EBA-86E0-A8C72AD603F5}": {
			"explicitFileType": "sourcecode.c.h",
			"fileEncoding": "4",
			"isa": "PBXFileReference",
			"name": "ofxColorPicker.h",
			"path": "../../../addons/ofxGui/src/ofxColorPicker.h",
			"sourceTree": "SOURCE_ROOT"
		},
		"{322B8535-FEFB-457F-9BDA-88B6B470E0AD}": {
			"explicitFileType": "sourcecode.c.h",
			"fileEncoding": "4",
			"isa": "PBXFileReference",
			"name": "ofxInputField.h",
			"path": "../../../addons/ofxGui/src/ofxInputField.h",
			"sourceTree": "SOURCE_ROOT"
		},
		"{34951AC4-08DE-4F7A-BA8B-1F845173911E}": {
			"explicitFileType": "sourcecode.cpp.cpp",
			"fileEncoding": "4",
			"isa": "PBXFileReference",
			"name": "ofxSliderGroup.cpp",
			"path": "../../../addons/ofxGui/src/ofxSliderGroup.cpp",
			"sourceTree": "SOURCE_ROOT"
		},
		"{38798879-C6EB-4CE4-B039-06BE2DC94EA9}": {
			"explicitFileType": "sourcecode.c.h",
			"fileEncoding": "4",
			"isa": "PBXFileReference",
			"name": "ofxBezierEditor.h",
			"path": "../../../addons/ofxBezierEditor/src/ofxBezierEditor.h",
			"sourceTree": "SOURCE_ROOT"
		},
		"{3E5C6193-3880-4B5A-9849-E7F10850D6A7}": {
			"fileRef": "{9D7B0C7D-3F80-4D21-A6CF-07593E861453}",
			"isa": "PBXBuildFile"
		},
		"{49C96968-0BD7-4ECC-A0C2-A662F62BD9C2}": {
			"fileRef": "{34951AC4-08DE-4F7A-BA8B-1F845173911E}",
			"isa": "PBXBuildFile"
		},
		"{5C2D9BF8-B5E0-4C9E-B920-A7D4BE39FE4C}": {
			"explicitFileType": "sourcecode.cpp.cpp",
			"fileEncoding": "4",
			"isa": "PBXFileReference",
			"name": "ofxButton.cpp",
			"path": "../../../addons/ofxGui/src/ofxButton.cpp",
			"sourceTree": "SOURCE_ROOT"
		},
		"{674E77EE-D94C-4B0D-84BD-660DCBA82CDD}": {
			"fileRef": "{F2133834-D028-452A-8E4A-40232CA0337D}",
			"isa": "PBXBuildFile"
		},
		"{6BFC14AC-C446-42E5-B436-81F4A3787E69}": {
			"explicitFileType": "sourcecode.c.h",
			"fileEncoding": "4",
			"isa": "PBXFileReference",
			"name": "ofxButton.h",
			"path": "../../../addons/ofxGui/src/ofxButton.h",
			"sourceTree": "SOURCE_ROOT"
		},
		"{6EEFF50E-88F0-4618-8A0F-566BEEA65C41}": {
			"explicitFileType": "sourcecode.c.h",
			"fileEncoding": "4",
			"isa": "PBXFileReference",
			"name": "ofxBaseGui.h",
			"path": "../../../addons/ofxGui/src/ofxBaseGui.h",
			"sourceTree": "SOURCE_ROOT"
		},
		"{75710D00-CD88-4780-A0F9-44A9DB99BE10}": {
			"explicitFileType": "sourcecode.cpp.cpp",
			"fileEncoding": "4",
			"isa": "PBXFileReference",
			"name": "ofxBezierEditor.cpp",
			"path": "../../../addons/ofxBezierEditor/src/ofxBezierEditor.cpp",
			"sourceTree": "SOURCE_ROOT"
		},
		"{7D65ED5D-D310-4D1D-80B7-2804F30A1D23}": {
			"fileRef": "{75710D00-CD88-4780-A0F9-44A9DB99BE10}",
			"isa": "PBXBuildFile"
		},
		"{81D0744F-9D85-4824-92B4-1A4276757983}": {
			"explicitFileType": "sourcecode.cpp.cpp",
			"fileEncoding": "4",
			"isa": "PBXFileReference",
			"name": "ofxInputField.cpp",
			"path": "../../../addons/ofxGui/src/ofxInputField.cpp",
			"sourceTree": "SOURCE_ROOT"
		},
		"{889D594C-8D3C-4585-A8A2-5CE4D25985F8}": {
			"fileRef": "{CF85978B-9C02-4BD2-A0EB-98F1FABB9A0F}",
			"isa": "PBXBuildFile"
		},
		"{8E2A23A5-60AD-4CCC-9498-A35F103B3273}": {
			"fileRef": "{81D0744F-9D85-4824-92B4-1A4276757983}",
			"isa": "PBXBuildFile"
		},
		"{9951AD92-1520-4759-825D-70A878FF71CF}": {
			"explicitFileType": "sourcecode.c.h",
			"fileEncoding": "4",
			"isa": "PBXFileReference",
			"name": "ofxGuiUtils.h",
			"path": "../../../addons/ofxGui/src/ofxGuiUtils.h",
			"sourceTree": "SOURCE_ROOT"
		},
		"{9A5FB1F7-EFEB-4A0C-8A94-C91473C20801}": {
			"explicitFileType": "sourcecode.c.h",
			"fileEncoding": "4",
			"isa": "PBXFileReference",
			"name": "ofxPanel.h",
			"path": "../../../addons/ofxGui/src/ofxPanel.h",
			"sourceTree": "SOURCE_ROOT"
		},
		"{9D7B0C7D-3F80-4D21-A6CF-07593E861453}": {
			"explicitFileType": "sourcecode.cpp.cpp",
			"fileEncoding": "4",
			"isa": "PBXFileReference",
			"name": "ofxLabel.cpp",
			"path": "../../../addons/ofxGui/src/ofxLabel.cpp",
			"sourceTree": "SOURCE_ROOT"
		},
		"{A0B3D47F-0DD8-492F-ACBE-7841063AABBE}": {
			"fileRef": "{C875E133-C234-4B13-BE4A-A7544A8632C4}",
			"isa": "PBXBuildFile"
		},
		"{A80782D6-5CB0-47C4-9629-2331204747FC}": {
			"fileRef": "{E7FEA924-203E-4EDA-BBD7-9E9433878290}",
			"isa": "PBXBuildFile"
		},
		"{AA758702-1E4D-4960-8734-87E0C16FD51E}": {
			"children": [
				"{75710D00-CD88-4780-A0F9-44A9DB99BE10}",
				"{38798879-C6EB-4CE4-B039-06BE2DC94EA9}"
			],
			"isa": "PBXGroup",
			"name": "src",
			"sourceTree": "SOURCE_ROOT"
		},
		"{B1F478F8-0E17-453A-982A-51361A109139}": {
			"explicitFileType": "sourcecode.c.h",
			"fileEncoding": "4",
			"isa": "PBXFileReference",
			"name": "ofxSlider.h",
			"path": "../../../addons/ofxGui/src/ofxSlider.h",
			"sourceTree": "SOURCE_ROOT"
		},
		"{C875E133-C234-4B13-BE4A-A7544A8632C4}": {
			"explicitFileType": "sourcecode.cpp.cpp",
			"fileEncoding": "4",
			"isa": "PBXFileReference",
			"name": "ofxSlider.cpp",
			"path": "../../../addons/ofxGui/src/ofxSlider.cpp",
			"sourceTree": "SOURCE_ROOT"
		},
		"{C9491AA5-8ADD-4451-BB11-45B357147FF8}": {
			"explicitFileType": "sourcecode.c.h",
			"fileEncoding": "4",
			"isa": "PBXFileReference",
			"name": "ofxToggle.h",
			"path": "../../../addons/ofxGui/src/ofxToggle.h",
			"sourceTree": "SOURCE_ROOT"
		},
		"{CAE24E78-031A-4B26-A60C-939DBF140531}": {
			"explicitFileType": "sourcecode.cpp.cpp",
			"fileEncoding": "4",
			"isa": "PBXFileReference",
			"name": "ofxColorPicker.cpp",
			"path": "../../../addons/ofxGui/src/ofxColorPicker.cpp",
			"sourceTree": "SOURCE_ROOT"
		},
		"{CF85978B-9C02-4BD2-A0EB-98F1FABB9A0F}": {
			"explicitFileType": "sourcecode.cpp.cpp",
			"fileEncoding": "4",
			"isa": "PBXFileReference",
			"name": "ofxToggle.cpp",
			"path": "../../../addons/ofxGui/src/ofxToggle.cpp",
			"sourceTree": "SOURCE_ROOT"
		},
		"{D6904A07-D16E-414C-8D84-1DA149959357}": {
			"fileRef": "{CAE24E78-031A-4B26-A60C-939DBF140531}",
			"isa": "PBXBuildFile"
		},
		"{D7E90ED3-96F7-428C-B302-32D752CD791A}": {
			"children": [
				"{AA758702-1E4D-4960-8734-87E0C16FD51E}"
			],
			"isa": "PBXGroup",
			"name": "ofxBezierEditor",
			"sourceTree": "SOURCE_ROOT"
		},
		"{DDDF6627-BDEC-409C-A630-9A0820AF0061}": {
			"fileRef": "{19CD61F8-DF0D-4A45-B214-4409A92A3F5F}",
			"isa": "PBXBuildFile"
		},
		"{E0592324-B558-4BF3-BC69-42B9C64B20BE}": {
			"children": [
				"{09D2704D-F7E3-44C4-A2DD-EAC8605D00D8}"
			],
			"isa": "PBXGroup",
			"name": "ofxGui",
			"sourceTree": "SOURCE_ROOT"
		},
		"{E7FEA924-203E-4EDA-BBD7-9E9433878290}": {
			"explicitFileType": "sourcecode.cpp.cpp",
			"fileEncoding": "4",
			"isa": "PBXFileReference",
			"name": "ofxPanel.cpp",
			"path": "../../../addons/ofxGui/src/ofxPanel.cpp",
			"sourceTree": "SOURCE_ROOT"
		},
		"{E91D2D93-D42B-494D-87C0-9F152645D1A4}": {
			"explicitFileType": "sourcecode.c.h",
			"fileEncoding": "4",
			"isa": "PBXFileReference",
			"name": "ofxSliderGroup.h",
			"path": "../../../addons/ofxGui/src/ofxSliderGroup.h",
			"sourceTree": "SOURCE_ROOT"
		},
		"{F2133834-D028-452A-8E4A-40232CA0337D}": {
			"explicitFileType": "sourcecode.cpp.cpp",
			"fileEncoding": "4",
			"isa": "PBXFileReference",
			"name": "ofxGuiGroup.cpp",
			"path": "../../../addons/ofxGui/src/ofxGuiGroup.cpp",
			"sourceTree": "SOURCE_ROOT"
		}
	},
	"rootObject": "E4B69B4C0A3A1720003C02F2"
}